// !$*UTF8*$!
{
	archiveVersion = 1;
	classes = {
	};
	objectVersion = 50;
	objects = {

/* Begin PBXBuildFile section */
		459593DE27091C3A00DD0E06 /* AppDelegate.swift in Sources */ = {isa = PBXBuildFile; fileRef = 459593DD27091C3A00DD0E06 /* AppDelegate.swift */; };
		459593E027091C3A00DD0E06 /* SceneDelegate.swift in Sources */ = {isa = PBXBuildFile; fileRef = 459593DF27091C3A00DD0E06 /* SceneDelegate.swift */; };
		459593E227091C3A00DD0E06 /* ViewController.swift in Sources */ = {isa = PBXBuildFile; fileRef = 459593E127091C3A00DD0E06 /* ViewController.swift */; };
		459593E527091C3A00DD0E06 /* Main.storyboard in Resources */ = {isa = PBXBuildFile; fileRef = 459593E327091C3A00DD0E06 /* Main.storyboard */; };
		459593E827091C3A00DD0E06 /* MoviesBrowser.xcdatamodeld in Sources */ = {isa = PBXBuildFile; fileRef = 459593E627091C3A00DD0E06 /* MoviesBrowser.xcdatamodeld */; };
		459593EA27091C3D00DD0E06 /* Assets.xcassets in Resources */ = {isa = PBXBuildFile; fileRef = 459593E927091C3D00DD0E06 /* Assets.xcassets */; };
		459593ED27091C3D00DD0E06 /* LaunchScreen.storyboard in Resources */ = {isa = PBXBuildFile; fileRef = 459593EB27091C3D00DD0E06 /* LaunchScreen.storyboard */; };
		459593F827091C3D00DD0E06 /* MoviesBrowserTests.swift in Sources */ = {isa = PBXBuildFile; fileRef = 459593F727091C3D00DD0E06 /* MoviesBrowserTests.swift */; };
		4595940327091C3D00DD0E06 /* MoviesBrowserUITests.swift in Sources */ = {isa = PBXBuildFile; fileRef = 4595940227091C3D00DD0E06 /* MoviesBrowserUITests.swift */; };
/* End PBXBuildFile section */

/* Begin PBXContainerItemProxy section */
		459593F427091C3D00DD0E06 /* PBXContainerItemProxy */ = {
			isa = PBXContainerItemProxy;
			containerPortal = 459593D227091C3A00DD0E06 /* Project object */;
			proxyType = 1;
			remoteGlobalIDString = 459593D927091C3A00DD0E06;
			remoteInfo = MoviesBrowser;
		};
		459593FF27091C3D00DD0E06 /* PBXContainerItemProxy */ = {
			isa = PBXContainerItemProxy;
			containerPortal = 459593D227091C3A00DD0E06 /* Project object */;
			proxyType = 1;
			remoteGlobalIDString = 459593D927091C3A00DD0E06;
			remoteInfo = MoviesBrowser;
		};
/* End PBXContainerItemProxy section */

/* Begin PBXFileReference section */
		459593DA27091C3A00DD0E06 /* MoviesBrowser.app */ = {isa = PBXFileReference; explicitFileType = wrapper.application; includeInIndex = 0; path = MoviesBrowser.app; sourceTree = BUILT_PRODUCTS_DIR; };
		459593DD27091C3A00DD0E06 /* AppDelegate.swift */ = {isa = PBXFileReference; lastKnownFileType = sourcecode.swift; path = AppDelegate.swift; sourceTree = "<group>"; };
		459593DF27091C3A00DD0E06 /* SceneDelegate.swift */ = {isa = PBXFileReference; lastKnownFileType = sourcecode.swift; path = SceneDelegate.swift; sourceTree = "<group>"; };
		459593E127091C3A00DD0E06 /* ViewController.swift */ = {isa = PBXFileReference; lastKnownFileType = sourcecode.swift; path = ViewController.swift; sourceTree = "<group>"; };
		459593E427091C3A00DD0E06 /* Base */ = {isa = PBXFileReference; lastKnownFileType = file.storyboard; name = Base; path = Base.lproj/Main.storyboard; sourceTree = "<group>"; };
		459593E727091C3A00DD0E06 /* MoviesBrowser.xcdatamodel */ = {isa = PBXFileReference; lastKnownFileType = wrapper.xcdatamodel; path = MoviesBrowser.xcdatamodel; sourceTree = "<group>"; };
		459593E927091C3D00DD0E06 /* Assets.xcassets */ = {isa = PBXFileReference; lastKnownFileType = folder.assetcatalog; path = Assets.xcassets; sourceTree = "<group>"; };
		459593EC27091C3D00DD0E06 /* Base */ = {isa = PBXFileReference; lastKnownFileType = file.storyboard; name = Base; path = Base.lproj/LaunchScreen.storyboard; sourceTree = "<group>"; };
		459593EE27091C3D00DD0E06 /* Info.plist */ = {isa = PBXFileReference; lastKnownFileType = text.plist.xml; path = Info.plist; sourceTree = "<group>"; };
		459593F327091C3D00DD0E06 /* MoviesBrowserTests.xctest */ = {isa = PBXFileReference; explicitFileType = wrapper.cfbundle; includeInIndex = 0; path = MoviesBrowserTests.xctest; sourceTree = BUILT_PRODUCTS_DIR; };
		459593F727091C3D00DD0E06 /* MoviesBrowserTests.swift */ = {isa = PBXFileReference; lastKnownFileType = sourcecode.swift; path = MoviesBrowserTests.swift; sourceTree = "<group>"; };
		459593F927091C3D00DD0E06 /* Info.plist */ = {isa = PBXFileReference; lastKnownFileType = text.plist.xml; path = Info.plist; sourceTree = "<group>"; };
		459593FE27091C3D00DD0E06 /* MoviesBrowserUITests.xctest */ = {isa = PBXFileReference; explicitFileType = wrapper.cfbundle; includeInIndex = 0; path = MoviesBrowserUITests.xctest; sourceTree = BUILT_PRODUCTS_DIR; };
		4595940227091C3D00DD0E06 /* MoviesBrowserUITests.swift */ = {isa = PBXFileReference; lastKnownFileType = sourcecode.swift; path = MoviesBrowserUITests.swift; sourceTree = "<group>"; };
		4595940427091C3D00DD0E06 /* Info.plist */ = {isa = PBXFileReference; lastKnownFileType = text.plist.xml; path = Info.plist; sourceTree = "<group>"; };
/* End PBXFileReference section */

/* Begin PBXFrameworksBuildPhase section */
		459593D727091C3A00DD0E06 /* Frameworks */ = {
			isa = PBXFrameworksBuildPhase;
			buildActionMask = 2147483647;
			files = (
			);
			runOnlyForDeploymentPostprocessing = 0;
		};
		459593F027091C3D00DD0E06 /* Frameworks */ = {
			isa = PBXFrameworksBuildPhase;
			buildActionMask = 2147483647;
			files = (
			);
			runOnlyForDeploymentPostprocessing = 0;
		};
		459593FB27091C3D00DD0E06 /* Frameworks */ = {
			isa = PBXFrameworksBuildPhase;
			buildActionMask = 2147483647;
			files = (
			);
			runOnlyForDeploymentPostprocessing = 0;
		};
/* End PBXFrameworksBuildPhase section */

/* Begin PBXGroup section */
		459593D127091C3A00DD0E06 = {
			isa = PBXGroup;
			children = (
				459593DC27091C3A00DD0E06 /* MoviesBrowser */,
				459593F627091C3D00DD0E06 /* MoviesBrowserTests */,
				4595940127091C3D00DD0E06 /* MoviesBrowserUITests */,
				459593DB27091C3A00DD0E06 /* Products */,
			);
			sourceTree = "<group>";
		};
		459593DB27091C3A00DD0E06 /* Products */ = {
			isa = PBXGroup;
			children = (
				459593DA27091C3A00DD0E06 /* MoviesBrowser.app */,
				459593F327091C3D00DD0E06 /* MoviesBrowserTests.xctest */,
				459593FE27091C3D00DD0E06 /* MoviesBrowserUITests.xctest */,
			);
			name = Products;
			sourceTree = "<group>";
		};
		459593DC27091C3A00DD0E06 /* MoviesBrowser */ = {
			isa = PBXGroup;
			children = (
				459593DD27091C3A00DD0E06 /* AppDelegate.swift */,
				459593DF27091C3A00DD0E06 /* SceneDelegate.swift */,
				459593E127091C3A00DD0E06 /* ViewController.swift */,
				459593E327091C3A00DD0E06 /* Main.storyboard */,
				459593E927091C3D00DD0E06 /* Assets.xcassets */,
				459593EB27091C3D00DD0E06 /* LaunchScreen.storyboard */,
				459593EE27091C3D00DD0E06 /* Info.plist */,
				459593E627091C3A00DD0E06 /* MoviesBrowser.xcdatamodeld */,
			);
			path = MoviesBrowser;
			sourceTree = "<group>";
		};
		459593F627091C3D00DD0E06 /* MoviesBrowserTests */ = {
			isa = PBXGroup;
			children = (
				459593F727091C3D00DD0E06 /* MoviesBrowserTests.swift */,
				459593F927091C3D00DD0E06 /* Info.plist */,
			);
			path = MoviesBrowserTests;
			sourceTree = "<group>";
		};
		4595940127091C3D00DD0E06 /* MoviesBrowserUITests */ = {
			isa = PBXGroup;
			children = (
				4595940227091C3D00DD0E06 /* MoviesBrowserUITests.swift */,
				4595940427091C3D00DD0E06 /* Info.plist */,
			);
			path = MoviesBrowserUITests;
			sourceTree = "<group>";
		};
/* End PBXGroup section */

/* Begin PBXNativeTarget section */
		459593D927091C3A00DD0E06 /* MoviesBrowser */ = {
			isa = PBXNativeTarget;
			buildConfigurationList = 4595940727091C3D00DD0E06 /* Build configuration list for PBXNativeTarget "MoviesBrowser" */;
			buildPhases = (
				459593D627091C3A00DD0E06 /* Sources */,
				459593D727091C3A00DD0E06 /* Frameworks */,
				459593D827091C3A00DD0E06 /* Resources */,
			);
			buildRules = (
			);
			dependencies = (
			);
			name = MoviesBrowser;
			productName = MoviesBrowser;
			productReference = 459593DA27091C3A00DD0E06 /* MoviesBrowser.app */;
			productType = "com.apple.product-type.application";
		};
		459593F227091C3D00DD0E06 /* MoviesBrowserTests */ = {
			isa = PBXNativeTarget;
			buildConfigurationList = 4595940A27091C3D00DD0E06 /* Build configuration list for PBXNativeTarget "MoviesBrowserTests" */;
			buildPhases = (
				459593EF27091C3D00DD0E06 /* Sources */,
				459593F027091C3D00DD0E06 /* Frameworks */,
				459593F127091C3D00DD0E06 /* Resources */,
			);
			buildRules = (
			);
			dependencies = (
				459593F527091C3D00DD0E06 /* PBXTargetDependency */,
			);
			name = MoviesBrowserTests;
			productName = MoviesBrowserTests;
			productReference = 459593F327091C3D00DD0E06 /* MoviesBrowserTests.xctest */;
			productType = "com.apple.product-type.bundle.unit-test";
		};
		459593FD27091C3D00DD0E06 /* MoviesBrowserUITests */ = {
			isa = PBXNativeTarget;
			buildConfigurationList = 4595940D27091C3D00DD0E06 /* Build configuration list for PBXNativeTarget "MoviesBrowserUITests" */;
			buildPhases = (
				459593FA27091C3D00DD0E06 /* Sources */,
				459593FB27091C3D00DD0E06 /* Frameworks */,
				459593FC27091C3D00DD0E06 /* Resources */,
			);
			buildRules = (
			);
			dependencies = (
				4595940027091C3D00DD0E06 /* PBXTargetDependency */,
			);
			name = MoviesBrowserUITests;
			productName = MoviesBrowserUITests;
			productReference = 459593FE27091C3D00DD0E06 /* MoviesBrowserUITests.xctest */;
			productType = "com.apple.product-type.bundle.ui-testing";
		};
/* End PBXNativeTarget section */

/* Begin PBXProject section */
		459593D227091C3A00DD0E06 /* Project object */ = {
			isa = PBXProject;
			attributes = {
				LastSwiftUpdateCheck = 1240;
				LastUpgradeCheck = 1240;
				TargetAttributes = {
					459593D927091C3A00DD0E06 = {
						CreatedOnToolsVersion = 12.4;
					};
					459593F227091C3D00DD0E06 = {
						CreatedOnToolsVersion = 12.4;
						TestTargetID = 459593D927091C3A00DD0E06;
					};
					459593FD27091C3D00DD0E06 = {
						CreatedOnToolsVersion = 12.4;
						TestTargetID = 459593D927091C3A00DD0E06;
					};
				};
			};
			buildConfigurationList = 459593D527091C3A00DD0E06 /* Build configuration list for PBXProject "MoviesBrowser" */;
			compatibilityVersion = "Xcode 9.3";
			developmentRegion = en;
			hasScannedForEncodings = 0;
			knownRegions = (
				en,
				Base,
			);
			mainGroup = 459593D127091C3A00DD0E06;
			productRefGroup = 459593DB27091C3A00DD0E06 /* Products */;
			projectDirPath = "";
			projectRoot = "";
			targets = (
				459593D927091C3A00DD0E06 /* MoviesBrowser */,
				459593F227091C3D00DD0E06 /* MoviesBrowserTests */,
				459593FD27091C3D00DD0E06 /* MoviesBrowserUITests */,
			);
		};
/* End PBXProject section */

/* Begin PBXResourcesBuildPhase section */
		459593D827091C3A00DD0E06 /* Resources */ = {
			isa = PBXResourcesBuildPhase;
			buildActionMask = 2147483647;
			files = (
				459593ED27091C3D00DD0E06 /* LaunchScreen.storyboard in Resources */,
				459593EA27091C3D00DD0E06 /* Assets.xcassets in Resources */,
				459593E527091C3A00DD0E06 /* Main.storyboard in Resources */,
			);
			runOnlyForDeploymentPostprocessing = 0;
		};
		459593F127091C3D00DD0E06 /* Resources */ = {
			isa = PBXResourcesBuildPhase;
			buildActionMask = 2147483647;
			files = (
			);
			runOnlyForDeploymentPostprocessing = 0;
		};
		459593FC27091C3D00DD0E06 /* Resources */ = {
			isa = PBXResourcesBuildPhase;
			buildActionMask = 2147483647;
			files = (
			);
			runOnlyForDeploymentPostprocessing = 0;
		};
/* End PBXResourcesBuildPhase section */

/* Begin PBXSourcesBuildPhase section */
		459593D627091C3A00DD0E06 /* Sources */ = {
			isa = PBXSourcesBuildPhase;
			buildActionMask = 2147483647;
			files = (
				459593E227091C3A00DD0E06 /* ViewController.swift in Sources */,
				459593E827091C3A00DD0E06 /* MoviesBrowser.xcdatamodeld in Sources */,
				459593DE27091C3A00DD0E06 /* AppDelegate.swift in Sources */,
				459593E027091C3A00DD0E06 /* SceneDelegate.swift in Sources */,
			);
			runOnlyForDeploymentPostprocessing = 0;
		};
		459593EF27091C3D00DD0E06 /* Sources */ = {
			isa = PBXSourcesBuildPhase;
			buildActionMask = 2147483647;
			files = (
				459593F827091C3D00DD0E06 /* MoviesBrowserTests.swift in Sources */,
			);
			runOnlyForDeploymentPostprocessing = 0;
		};
		459593FA27091C3D00DD0E06 /* Sources */ = {
			isa = PBXSourcesBuildPhase;
			buildActionMask = 2147483647;
			files = (
				4595940327091C3D00DD0E06 /* MoviesBrowserUITests.swift in Sources */,
			);
			runOnlyForDeploymentPostprocessing = 0;
		};
/* End PBXSourcesBuildPhase section */

/* Begin PBXTargetDependency section */
		459593F527091C3D00DD0E06 /* PBXTargetDependency */ = {
			isa = PBXTargetDependency;
			target = 459593D927091C3A00DD0E06 /* MoviesBrowser */;
			targetProxy = 459593F427091C3D00DD0E06 /* PBXContainerItemProxy */;
		};
		4595940027091C3D00DD0E06 /* PBXTargetDependency */ = {
			isa = PBXTargetDependency;
			target = 459593D927091C3A00DD0E06 /* MoviesBrowser */;
			targetProxy = 459593FF27091C3D00DD0E06 /* PBXContainerItemProxy */;
		};
/* End PBXTargetDependency section */

/* Begin PBXVariantGroup section */
		459593E327091C3A00DD0E06 /* Main.storyboard */ = {
			isa = PBXVariantGroup;
			children = (
				459593E427091C3A00DD0E06 /* Base */,
			);
			name = Main.storyboard;
			sourceTree = "<group>";
		};
		459593EB27091C3D00DD0E06 /* LaunchScreen.storyboard */ = {
			isa = PBXVariantGroup;
			children = (
				459593EC27091C3D00DD0E06 /* Base */,
			);
			name = LaunchScreen.storyboard;
			sourceTree = "<group>";
		};
/* End PBXVariantGroup section */

/* Begin XCBuildConfiguration section */
		4595940527091C3D00DD0E06 /* Debug */ = {
			isa = XCBuildConfiguration;
			buildSettings = {
				ALWAYS_SEARCH_USER_PATHS = NO;
				CLANG_ANALYZER_NONNULL = YES;
				CLANG_ANALYZER_NUMBER_OBJECT_CONVERSION = YES_AGGRESSIVE;
				CLANG_CXX_LANGUAGE_STANDARD = "gnu++14";
				CLANG_CXX_LIBRARY = "libc++";
				CLANG_ENABLE_MODULES = YES;
				CLANG_ENABLE_OBJC_ARC = YES;
				CLANG_ENABLE_OBJC_WEAK = YES;
				CLANG_WARN_BLOCK_CAPTURE_AUTORELEASING = YES;
				CLANG_WARN_BOOL_CONVERSION = YES;
				CLANG_WARN_COMMA = YES;
				CLANG_WARN_CONSTANT_CONVERSION = YES;
				CLANG_WARN_DEPRECATED_OBJC_IMPLEMENTATIONS = YES;
				CLANG_WARN_DIRECT_OBJC_ISA_USAGE = YES_ERROR;
				CLANG_WARN_DOCUMENTATION_COMMENTS = YES;
				CLANG_WARN_EMPTY_BODY = YES;
				CLANG_WARN_ENUM_CONVERSION = YES;
				CLANG_WARN_INFINITE_RECURSION = YES;
				CLANG_WARN_INT_CONVERSION = YES;
				CLANG_WARN_NON_LITERAL_NULL_CONVERSION = YES;
				CLANG_WARN_OBJC_IMPLICIT_RETAIN_SELF = YES;
				CLANG_WARN_OBJC_LITERAL_CONVERSION = YES;
				CLANG_WARN_OBJC_ROOT_CLASS = YES_ERROR;
				CLANG_WARN_QUOTED_INCLUDE_IN_FRAMEWORK_HEADER = YES;
				CLANG_WARN_RANGE_LOOP_ANALYSIS = YES;
				CLANG_WARN_STRICT_PROTOTYPES = YES;
				CLANG_WARN_SUSPICIOUS_MOVE = YES;
				CLANG_WARN_UNGUARDED_AVAILABILITY = YES_AGGRESSIVE;
				CLANG_WARN_UNREACHABLE_CODE = YES;
				CLANG_WARN__DUPLICATE_METHOD_MATCH = YES;
				COPY_PHASE_STRIP = NO;
				DEBUG_INFORMATION_FORMAT = dwarf;
				ENABLE_STRICT_OBJC_MSGSEND = YES;
				ENABLE_TESTABILITY = YES;
				GCC_C_LANGUAGE_STANDARD = gnu11;
				GCC_DYNAMIC_NO_PIC = NO;
				GCC_NO_COMMON_BLOCKS = YES;
				GCC_OPTIMIZATION_LEVEL = 0;
				GCC_PREPROCESSOR_DEFINITIONS = (
					"DEBUG=1",
					"$(inherited)",
				);
				GCC_WARN_64_TO_32_BIT_CONVERSION = YES;
				GCC_WARN_ABOUT_RETURN_TYPE = YES_ERROR;
				GCC_WARN_UNDECLARED_SELECTOR = YES;
				GCC_WARN_UNINITIALIZED_AUTOS = YES_AGGRESSIVE;
				GCC_WARN_UNUSED_FUNCTION = YES;
				GCC_WARN_UNUSED_VARIABLE = YES;
				IPHONEOS_DEPLOYMENT_TARGET = 14.4;
				MTL_ENABLE_DEBUG_INFO = INCLUDE_SOURCE;
				MTL_FAST_MATH = YES;
				ONLY_ACTIVE_ARCH = YES;
				SDKROOT = iphoneos;
				SWIFT_ACTIVE_COMPILATION_CONDITIONS = DEBUG;
				SWIFT_OPTIMIZATION_LEVEL = "-Onone";
			};
			name = Debug;
		};
		4595940627091C3D00DD0E06 /* Release */ = {
			isa = XCBuildConfiguration;
			buildSettings = {
				ALWAYS_SEARCH_USER_PATHS = NO;
				CLANG_ANALYZER_NONNULL = YES;
				CLANG_ANALYZER_NUMBER_OBJECT_CONVERSION = YES_AGGRESSIVE;
				CLANG_CXX_LANGUAGE_STANDARD = "gnu++14";
				CLANG_CXX_LIBRARY = "libc++";
				CLANG_ENABLE_MODULES = YES;
				CLANG_ENABLE_OBJC_ARC = YES;
				CLANG_ENABLE_OBJC_WEAK = YES;
				CLANG_WARN_BLOCK_CAPTURE_AUTORELEASING = YES;
				CLANG_WARN_BOOL_CONVERSION = YES;
				CLANG_WARN_COMMA = YES;
				CLANG_WARN_CONSTANT_CONVERSION = YES;
				CLANG_WARN_DEPRECATED_OBJC_IMPLEMENTATIONS = YES;
				CLANG_WARN_DIRECT_OBJC_ISA_USAGE = YES_ERROR;
				CLANG_WARN_DOCUMENTATION_COMMENTS = YES;
				CLANG_WARN_EMPTY_BODY = YES;
				CLANG_WARN_ENUM_CONVERSION = YES;
				CLANG_WARN_INFINITE_RECURSION = YES;
				CLANG_WARN_INT_CONVERSION = YES;
				CLANG_WARN_NON_LITERAL_NULL_CONVERSION = YES;
				CLANG_WARN_OBJC_IMPLICIT_RETAIN_SELF = YES;
				CLANG_WARN_OBJC_LITERAL_CONVERSION = YES;
				CLANG_WARN_OBJC_ROOT_CLASS = YES_ERROR;
				CLANG_WARN_QUOTED_INCLUDE_IN_FRAMEWORK_HEADER = YES;
				CLANG_WARN_RANGE_LOOP_ANALYSIS = YES;
				CLANG_WARN_STRICT_PROTOTYPES = YES;
				CLANG_WARN_SUSPICIOUS_MOVE = YES;
				CLANG_WARN_UNGUARDED_AVAILABILITY = YES_AGGRESSIVE;
				CLANG_WARN_UNREACHABLE_CODE = YES;
				CLANG_WARN__DUPLICATE_METHOD_MATCH = YES;
				COPY_PHASE_STRIP = NO;
				DEBUG_INFORMATION_FORMAT = "dwarf-with-dsym";
				ENABLE_NS_ASSERTIONS = NO;
				ENABLE_STRICT_OBJC_MSGSEND = YES;
				GCC_C_LANGUAGE_STANDARD = gnu11;
				GCC_NO_COMMON_BLOCKS = YES;
				GCC_WARN_64_TO_32_BIT_CONVERSION = YES;
				GCC_WARN_ABOUT_RETURN_TYPE = YES_ERROR;
				GCC_WARN_UNDECLARED_SELECTOR = YES;
				GCC_WARN_UNINITIALIZED_AUTOS = YES_AGGRESSIVE;
				GCC_WARN_UNUSED_FUNCTION = YES;
				GCC_WARN_UNUSED_VARIABLE = YES;
				IPHONEOS_DEPLOYMENT_TARGET = 14.4;
				MTL_ENABLE_DEBUG_INFO = NO;
				MTL_FAST_MATH = YES;
				SDKROOT = iphoneos;
				SWIFT_COMPILATION_MODE = wholemodule;
				SWIFT_OPTIMIZATION_LEVEL = "-O";
				VALIDATE_PRODUCT = YES;
			};
			name = Release;
		};
		4595940827091C3D00DD0E06 /* Debug */ = {
			isa = XCBuildConfiguration;
			buildSettings = {
				ASSETCATALOG_COMPILER_APPICON_NAME = AppIcon;
				ASSETCATALOG_COMPILER_GLOBAL_ACCENT_COLOR_NAME = AccentColor;
				CODE_SIGN_STYLE = Automatic;
				DEVELOPMENT_TEAM = 5DERMX38QK;
				INFOPLIST_FILE = MoviesBrowser/Info.plist;
				LD_RUNPATH_SEARCH_PATHS = (
					"$(inherited)",
					"@executable_path/Frameworks",
				);
				PRODUCT_BUNDLE_IDENTIFIER = com.tradeRev.MoviesBrowser;
				PRODUCT_NAME = "$(TARGET_NAME)";
				SWIFT_VERSION = 5.0;
				TARGETED_DEVICE_FAMILY = "1,2";
			};
			name = Debug;
		};
		4595940927091C3D00DD0E06 /* Release */ = {
			isa = XCBuildConfiguration;
			buildSettings = {
				ASSETCATALOG_COMPILER_APPICON_NAME = AppIcon;
				ASSETCATALOG_COMPILER_GLOBAL_ACCENT_COLOR_NAME = AccentColor;
				CODE_SIGN_STYLE = Automatic;
				DEVELOPMENT_TEAM = 5DERMX38QK;
				INFOPLIST_FILE = MoviesBrowser/Info.plist;
				LD_RUNPATH_SEARCH_PATHS = (
					"$(inherited)",
					"@executable_path/Frameworks",
				);
				PRODUCT_BUNDLE_IDENTIFIER = com.tradeRev.MoviesBrowser;
				PRODUCT_NAME = "$(TARGET_NAME)";
				SWIFT_VERSION = 5.0;
				TARGETED_DEVICE_FAMILY = "1,2";
			};
			name = Release;
		};
		4595940B27091C3D00DD0E06 /* Debug */ = {
			isa = XCBuildConfiguration;
			buildSettings = {
				ALWAYS_EMBED_SWIFT_STANDARD_LIBRARIES = YES;
				BUNDLE_LOADER = "$(TEST_HOST)";
				CODE_SIGN_STYLE = Automatic;
				DEVELOPMENT_TEAM = 5DERMX38QK;
				INFOPLIST_FILE = MoviesBrowserTests/Info.plist;
				IPHONEOS_DEPLOYMENT_TARGET = 14.4;
				LD_RUNPATH_SEARCH_PATHS = (
					"$(inherited)",
					"@executable_path/Frameworks",
					"@loader_path/Frameworks",
				);
				PRODUCT_BUNDLE_IDENTIFIER = com.tradeRev.MoviesBrowserTests;
				PRODUCT_NAME = "$(TARGET_NAME)";
				SWIFT_VERSION = 5.0;
				TARGETED_DEVICE_FAMILY = "1,2";
				TEST_HOST = "$(BUILT_PRODUCTS_DIR)/MoviesBrowser.app/MoviesBrowser";
			};
			name = Debug;
		};
		4595940C27091C3D00DD0E06 /* Release */ = {
			isa = XCBuildConfiguration;
			buildSettings = {
				ALWAYS_EMBED_SWIFT_STANDARD_LIBRARIES = YES;
				BUNDLE_LOADER = "$(TEST_HOST)";
				CODE_SIGN_STYLE = Automatic;
				DEVELOPMENT_TEAM = 5DERMX38QK;
				INFOPLIST_FILE = MoviesBrowserTests/Info.plist;
				IPHONEOS_DEPLOYMENT_TARGET = 14.4;
				LD_RUNPATH_SEARCH_PATHS = (
					"$(inherited)",
					"@executable_path/Frameworks",
					"@loader_path/Frameworks",
				);
				PRODUCT_BUNDLE_IDENTIFIER = com.tradeRev.MoviesBrowserTests;
				PRODUCT_NAME = "$(TARGET_NAME)";
				SWIFT_VERSION = 5.0;
				TARGETED_DEVICE_FAMILY = "1,2";
				TEST_HOST = "$(BUILT_PRODUCTS_DIR)/MoviesBrowser.app/MoviesBrowser";
			};
			name = Release;
		};
		4595940E27091C3D00DD0E06 /* Debug */ = {
			isa = XCBuildConfiguration;
			buildSettings = {
				ALWAYS_EMBED_SWIFT_STANDARD_LIBRARIES = YES;
				CODE_SIGN_STYLE = Automatic;
				DEVELOPMENT_TEAM = 5DERMX38QK;
				INFOPLIST_FILE = MoviesBrowserUITests/Info.plist;
				LD_RUNPATH_SEARCH_PATHS = (
					"$(inherited)",
					"@executable_path/Frameworks",
					"@loader_path/Frameworks",
				);
				PRODUCT_BUNDLE_IDENTIFIER = com.tradeRev.MoviesBrowserUITests;
				PRODUCT_NAME = "$(TARGET_NAME)";
				SWIFT_VERSION = 5.0;
				TARGETED_DEVICE_FAMILY = "1,2";
				TEST_TARGET_NAME = MoviesBrowser;
			};
			name = Debug;
		};
		4595940F27091C3D00DD0E06 /* Release */ = {
			isa = XCBuildConfiguration;
			buildSettings = {
				ALWAYS_EMBED_SWIFT_STANDARD_LIBRARIES = YES;
				CODE_SIGN_STYLE = Automatic;
				DEVELOPMENT_TEAM = 5DERMX38QK;
				INFOPLIST_FILE = MoviesBrowserUITests/Info.plist;
				LD_RUNPATH_SEARCH_PATHS = (
					"$(inherited)",
					"@executable_path/Frameworks",
					"@loader_path/Frameworks",
				);
				PRODUCT_BUNDLE_IDENTIFIER = com.tradeRev.MoviesBrowserUITests;
				PRODUCT_NAME = "$(TARGET_NAME)";
				SWIFT_VERSION = 5.0;
				TARGETED_DEVICE_FAMILY = "1,2";
				TEST_TARGET_NAME = MoviesBrowser;
			};
			name = Release;
		};
/* End XCBuildConfiguration section */

/* Begin XCConfigurationList section */
		459593D527091C3A00DD0E06 /* Build configuration list for PBXProject "MoviesBrowser" */ = {
			isa = XCConfigurationList;
			buildConfigurations = (
				4595940527091C3D00DD0E06 /* Debug */,
				4595940627091C3D00DD0E06 /* Release */,
			);
			defaultConfigurationIsVisible = 0;
			defaultConfigurationName = Release;
		};
		4595940727091C3D00DD0E06 /* Build configuration list for PBXNativeTarget "MoviesBrowser" */ = {
			isa = XCConfigurationList;
			buildConfigurations = (
				4595940827091C3D00DD0E06 /* Debug */,
				4595940927091C3D00DD0E06 /* Release */,
			);
			defaultConfigurationIsVisible = 0;
			defaultConfigurationName = Release;
		};
		4595940A27091C3D00DD0E06 /* Build configuration list for PBXNativeTarget "MoviesBrowserTests" */ = {
			isa = XCConfigurationList;
			buildConfigurations = (
				4595940B27091C3D00DD0E06 /* Debug */,
				4595940C27091C3D00DD0E06 /* Release */,
			);
			defaultConfigurationIsVisible = 0;
			defaultConfigurationName = Release;
		};
		4595940D27091C3D00DD0E06 /* Build configuration list for PBXNativeTarget "MoviesBrowserUITests" */ = {
			isa = XCConfigurationList;
			buildConfigurations = (
				4595940E27091C3D00DD0E06 /* Debug */,
				4595940F27091C3D00DD0E06 /* Release */,
			);
			defaultConfigurationIsVisible = 0;
			defaultConfigurationName = Release;
		};
/* End XCConfigurationList section */

/* Begin XCVersionGroup section */
		459593E627091C3A00DD0E06 /* MoviesBrowser.xcdatamodeld */ = {
			isa = XCVersionGroup;
			children = (
				459593E727091C3A00DD0E06 /* MoviesBrowser.xcdatamodel */,
			);
			currentVersion = 459593E727091C3A00DD0E06 /* MoviesBrowser.xcdatamodel */;
			path = MoviesBrowser.xcdatamodeld;
			sourceTree = "<group>";
			versionGroupType = wrapper.xcdatamodel;
		};
/* End XCVersionGroup section */
	};
	rootObject = 459593D227091C3A00DD0E06 /* Project object */;
}
